
Microsoft Visual Studio Solution File, Format Version 12.00
# Visual Studio Version 16
VisualStudioVersion = 16.0.28407.52
MinimumVisualStudioVersion = 10.0.40219.1
Project("{9A19103F-16F7-4668-BE54-9A1E7A4F7556}") = "POYA", "POYA\POYA.csproj", "{A08556A4-43F7-4E24-999F-4B124EB327FA}"
EndProject
Project("{FAE04EC0-301F-11D3-BF4B-00C04F79EFBC}") = "POYATEST", "POYATEST\POYATEST.csproj", "{491FF199-30C9-4B84-AF73-63DAA431C230}"
EndProject
Global
	GlobalSection(SolutionConfigurationPlatforms) = preSolution
		Debug|Any CPU = Debug|Any CPU
		Debug|x64 = Debug|x64
		Debug|x86 = Debug|x86
		Release|Any CPU = Release|Any CPU
		Release|x64 = Release|x64
		Release|x86 = Release|x86
	EndGlobalSection
	GlobalSection(ProjectConfigurationPlatforms) = postSolution
		{A08556A4-43F7-4E24-999F-4B124EB327FA}.Debug|Any CPU.ActiveCfg = Debug|Any CPU
		{A08556A4-43F7-4E24-999F-4B124EB327FA}.Debug|Any CPU.Build.0 = Debug|Any CPU
		{A08556A4-43F7-4E24-999F-4B124EB327FA}.Debug|x64.ActiveCfg = Debug|Any CPU
		{A08556A4-43F7-4E24-999F-4B124EB327FA}.Debug|x64.Build.0 = Debug|Any CPU
		{A08556A4-43F7-4E24-999F-4B124EB327FA}.Debug|x86.ActiveCfg = Debug|Any CPU
		{A08556A4-43F7-4E24-999F-4B124EB327FA}.Debug|x86.Build.0 = Debug|Any CPU
		{A08556A4-43F7-4E24-999F-4B124EB327FA}.Release|Any CPU.ActiveCfg = Release|Any CPU
		{A08556A4-43F7-4E24-999F-4B124EB327FA}.Release|Any CPU.Build.0 = Release|Any CPU
		{A08556A4-43F7-4E24-999F-4B124EB327FA}.Release|x64.ActiveCfg = Release|Any CPU
		{A08556A4-43F7-4E24-999F-4B124EB327FA}.Release|x64.Build.0 = Release|Any CPU
		{A08556A4-43F7-4E24-999F-4B124EB327FA}.Release|x86.ActiveCfg = Release|Any CPU
		{A08556A4-43F7-4E24-999F-4B124EB327FA}.Release|x86.Build.0 = Release|Any CPU
		{491FF199-30C9-4B84-AF73-63DAA431C230}.Debug|Any CPU.ActiveCfg = Debug|Any CPU
		{491FF199-30C9-4B84-AF73-63DAA431C230}.Debug|Any CPU.Build.0 = Debug|Any CPU
		{491FF199-30C9-4B84-AF73-63DAA431C230}.Debug|x64.ActiveCfg = Debug|Any CPU
		{491FF199-30C9-4B84-AF73-63DAA431C230}.Debug|x64.Build.0 = Debug|Any CPU
		{491FF199-30C9-4B84-AF73-63DAA431C230}.Debug|x86.ActiveCfg = Debug|Any CPU
		{491FF199-30C9-4B84-AF73-63DAA431C230}.Debug|x86.Build.0 = Debug|Any CPU
		{491FF199-30C9-4B84-AF73-63DAA431C230}.Release|Any CPU.ActiveCfg = Release|Any CPU
		{491FF199-30C9-4B84-AF73-63DAA431C230}.Release|Any CPU.Build.0 = Release|Any CPU
		{491FF199-30C9-4B84-AF73-63DAA431C230}.Release|x64.ActiveCfg = Release|Any CPU
		{491FF199-30C9-4B84-AF73-63DAA431C230}.Release|x64.Build.0 = Release|Any CPU
		{491FF199-30C9-4B84-AF73-63DAA431C230}.Release|x86.ActiveCfg = Release|Any CPU
		{491FF199-30C9-4B84-AF73-63DAA431C230}.Release|x86.Build.0 = Release|Any CPU
	EndGlobalSection
	GlobalSection(SolutionProperties) = preSolution
		HideSolutionNode = FALSE
	EndGlobalSection
	GlobalSection(ExtensibilityGlobals) = postSolution
		SolutionGuid = {F076EEDB-0FF0-4D85-9CF9-DB13A1BBCAA8}
	EndGlobalSection
EndGlobal
